
Microsoft Visual Studio Solution File, Format Version 12.00
# Visual Studio Version 17
VisualStudioVersion = 17.3.32901.215
MinimumVisualStudioVersion = 10.0.40219.1
Project("{9A19103F-16F7-4668-BE54-9A1E7A4F7556}") = "App.Home", "marineHive\App.Home.csproj", "{1D31EBDC-A670-45B7-A133-58FC5A7B60D2}"
EndProject
Project("{9A19103F-16F7-4668-BE54-9A1E7A4F7556}") = "App.BLL", "App.BLL\App.BLL.csproj", "{F3F83804-C80A-40C8-BA5E-DB9C08A3639B}"
EndProject
Project("{9A19103F-16F7-4668-BE54-9A1E7A4F7556}") = "App.DAL", "App.DAL\App.DAL.csproj", "{90A695E7-DEAA-46CD-8A1D-5D22CE4F6544}"
EndProject
Global
	GlobalSection(SolutionConfigurationPlatforms) = preSolution
		Debug|Any CPU = Debug|Any CPU
		Release|Any CPU = Release|Any CPU
	EndGlobalSection
	GlobalSection(ProjectConfigurationPlatforms) = postSolution
		{1D31EBDC-A670-45B7-A133-58FC5A7B60D2}.Debug|Any CPU.ActiveCfg = Debug|Any CPU
		{1D31EBDC-A670-45B7-A133-58FC5A7B60D2}.Debug|Any CPU.Build.0 = Debug|Any CPU
		{1D31EBDC-A670-45B7-A133-58FC5A7B60D2}.Release|Any CPU.ActiveCfg = Release|Any CPU
		{1D31EBDC-A670-45B7-A133-58FC5A7B60D2}.Release|Any CPU.Build.0 = Release|Any CPU
		{F3F83804-C80A-40C8-BA5E-DB9C08A3639B}.Debug|Any CPU.ActiveCfg = Debug|Any CPU
		{F3F83804-C80A-40C8-BA5E-DB9C08A3639B}.Debug|Any CPU.Build.0 = Debug|Any CPU
		{F3F83804-C80A-40C8-BA5E-DB9C08A3639B}.Release|Any CPU.ActiveCfg = Release|Any CPU
		{F3F83804-C80A-40C8-BA5E-DB9C08A3639B}.Release|Any CPU.Build.0 = Release|Any CPU
		{90A695E7-DEAA-46CD-8A1D-5D22CE4F6544}.Debug|Any CPU.ActiveCfg = Debug|Any CPU
		{90A695E7-DEAA-46CD-8A1D-5D22CE4F6544}.Debug|Any CPU.Build.0 = Debug|Any CPU
		{90A695E7-DEAA-46CD-8A1D-5D22CE4F6544}.Release|Any CPU.ActiveCfg = Release|Any CPU
		{90A695E7-DEAA-46CD-8A1D-5D22CE4F6544}.Release|Any CPU.Build.0 = Release|Any CPU
	EndGlobalSection
	GlobalSection(SolutionProperties) = preSolution
		HideSolutionNode = FALSE
	EndGlobalSection
	GlobalSection(ExtensibilityGlobals) = postSolution
		SolutionGuid = {972D1561-260F-47B6-BDD1-F09FB0910814}
	EndGlobalSection
EndGlobal
